{
  "originHash" : "e406eb1925282e559a6d031b8ea7ea1d922194678dbd27e096e8e6a47386ab24",
  "pins" : [
    {
      "identity" : "lottie-spm",
      "kind" : "remoteSourceControl",
      "location" : "https://github.com/airbnb/lottie-spm.git",
      "state" : {
        "revision" : "b842598f1295f3ffa1475b1580672d1fe5b83580",
        "version" : "4.5.0"
      }
    },
    {
      "identity" : "nfc-kit-ios",
      "kind" : "remoteSourceControl",
      "location" : "https://github.com/lapid-service-gmbh/nfc-kit-ios",
      "state" : {
        "revision" : "25dc00e746aa556833cca5a9a9898bd921da59a1",
        "version" : "1.0.9"
      }
    }
  ],
  "version" : 3
}
